{
  "requires": true,
  "lockfileVersion": 1,
  "dependencies": {
    "@vitejs/plugin-vue": {
      "version": "2.2.4",
      "resolved": "https://registry.npmjs.org/@vitejs/plugin-vue/-/plugin-vue-2.2.4.tgz",
      "integrity": "sha512-ev9AOlp0ljCaDkFZF3JwC/pD2N4Hh+r5srl5JHM6BKg5+99jiiK0rE/XaRs3pVm1wzyKkjUy/StBSoXX5fFzcw=="
    }
  }
}
